
Microsoft Visual Studio Solution File, Format Version 12.00
# Visual Studio Version 17
VisualStudioVersion = 17.5.33516.290
MinimumVisualStudioVersion = 10.0.40219.1
Project("{FAE04EC0-301F-11D3-BF4B-00C04F79EFBC}") = "Selectionsort", "Selectionsort\Selectionsort.csproj", "{A50BB241-937A-461A-8712-ACFC712C5F10}"
EndProject
Global
	GlobalSection(SolutionConfigurationPlatforms) = preSolution
		Debug|Any CPU = Debug|Any CPU
		Release|Any CPU = Release|Any CPU
	EndGlobalSection
	GlobalSection(ProjectConfigurationPlatforms) = postSolution
		{A50BB241-937A-461A-8712-ACFC712C5F10}.Debug|Any CPU.ActiveCfg = Debug|Any CPU
		{A50BB241-937A-461A-8712-ACFC712C5F10}.Debug|Any CPU.Build.0 = Debug|Any CPU
		{A50BB241-937A-461A-8712-ACFC712C5F10}.Release|Any CPU.ActiveCfg = Release|Any CPU
		{A50BB241-937A-461A-8712-ACFC712C5F10}.Release|Any CPU.Build.0 = Release|Any CPU
	EndGlobalSection
	GlobalSection(SolutionProperties) = preSolution
		HideSolutionNode = FALSE
	EndGlobalSection
	GlobalSection(ExtensibilityGlobals) = postSolution
		SolutionGuid = {3E7B8FAF-59EB-4750-8501-3F5CE6CBC71C}
	EndGlobalSection
EndGlobal
